// !$*UTF8*$!
{
	archiveVersion = 1;
	classes = {
	};
	objectVersion = 46;
	objects = {

/* Begin PBXBuildFile section */
		E7A727771DAF9EF00000EB01 /* AppDelegate.swift in Sources */ = {isa = PBXBuildFile; fileRef = E7A727761DAF9EF00000EB01 /* AppDelegate.swift */; };
		E7A727791DAF9EF00000EB01 /* ViewController.swift in Sources */ = {isa = PBXBuildFile; fileRef = E7A727781DAF9EF00000EB01 /* ViewController.swift */; };
		E7A7277C1DAF9EF00000EB01 /* Main.storyboard in Resources */ = {isa = PBXBuildFile; fileRef = E7A7277A1DAF9EF00000EB01 /* Main.storyboard */; };
		E7A7277E1DAF9EF00000EB01 /* Assets.xcassets in Resources */ = {isa = PBXBuildFile; fileRef = E7A7277D1DAF9EF00000EB01 /* Assets.xcassets */; };
		E7A727811DAF9EF00000EB01 /* LaunchScreen.storyboard in Resources */ = {isa = PBXBuildFile; fileRef = E7A7277F1DAF9EF00000EB01 /* LaunchScreen.storyboard */; };
		E7A7278A1DAF9F1D0000EB01 /* LeftTableViewController.swift in Sources */ = {isa = PBXBuildFile; fileRef = E7A727871DAF9F1D0000EB01 /* LeftTableViewController.swift */; };
		E7A7278B1DAF9F1D0000EB01 /* RootViewController.swift in Sources */ = {isa = PBXBuildFile; fileRef = E7A727881DAF9F1D0000EB01 /* RootViewController.swift */; };
		E7A7278C1DAF9F1D0000EB01 /* SideMenu.storyboard in Resources */ = {isa = PBXBuildFile; fileRef = E7A727891DAF9F1D0000EB01 /* SideMenu.storyboard */; };
		E7A7278D1DAF9F740000EB01 /* SideMenu.swift in Sources */ = {isa = PBXBuildFile; fileRef = E7A7276D1DAF9ED70000EB01 /* SideMenu.swift */; };
		E7A7278E1DAF9F770000EB01 /* UIViewController+SideMenu.swift in Sources */ = {isa = PBXBuildFile; fileRef = E7A7276E1DAF9ED70000EB01 /* UIViewController+SideMenu.swift */; };
/* End PBXBuildFile section */

/* Begin PBXFileReference section */
		E7A7276D1DAF9ED70000EB01 /* SideMenu.swift */ = {isa = PBXFileReference; lastKnownFileType = sourcecode.swift; path = SideMenu.swift; sourceTree = "<group>"; };
		E7A7276E1DAF9ED70000EB01 /* UIViewController+SideMenu.swift */ = {isa = PBXFileReference; lastKnownFileType = sourcecode.swift; path = "UIViewController+SideMenu.swift"; sourceTree = "<group>"; };
		E7A727731DAF9EF00000EB01 /* SimpleSideMenuDemo.app */ = {isa = PBXFileReference; explicitFileType = wrapper.application; includeInIndex = 0; path = SimpleSideMenuDemo.app; sourceTree = BUILT_PRODUCTS_DIR; };
		E7A727761DAF9EF00000EB01 /* AppDelegate.swift */ = {isa = PBXFileReference; lastKnownFileType = sourcecode.swift; path = AppDelegate.swift; sourceTree = "<group>"; };
		E7A727781DAF9EF00000EB01 /* ViewController.swift */ = {isa = PBXFileReference; lastKnownFileType = sourcecode.swift; path = ViewController.swift; sourceTree = "<group>"; };
		E7A7277B1DAF9EF00000EB01 /* Base */ = {isa = PBXFileReference; lastKnownFileType = file.storyboard; name = Base; path = Base.lproj/Main.storyboard; sourceTree = "<group>"; };
		E7A7277D1DAF9EF00000EB01 /* Assets.xcassets */ = {isa = PBXFileReference; lastKnownFileType = folder.assetcatalog; path = Assets.xcassets; sourceTree = "<group>"; };
		E7A727801DAF9EF00000EB01 /* Base */ = {isa = PBXFileReference; lastKnownFileType = file.storyboard; name = Base; path = Base.lproj/LaunchScreen.storyboard; sourceTree = "<group>"; };
		E7A727821DAF9EF00000EB01 /* Info.plist */ = {isa = PBXFileReference; lastKnownFileType = text.plist.xml; path = Info.plist; sourceTree = "<group>"; };
		E7A727871DAF9F1D0000EB01 /* LeftTableViewController.swift */ = {isa = PBXFileReference; fileEncoding = 4; lastKnownFileType = sourcecode.swift; path = LeftTableViewController.swift; sourceTree = "<group>"; };
		E7A727881DAF9F1D0000EB01 /* RootViewController.swift */ = {isa = PBXFileReference; fileEncoding = 4; lastKnownFileType = sourcecode.swift; path = RootViewController.swift; sourceTree = "<group>"; };
		E7A727891DAF9F1D0000EB01 /* SideMenu.storyboard */ = {isa = PBXFileReference; fileEncoding = 4; lastKnownFileType = file.storyboard; path = SideMenu.storyboard; sourceTree = "<group>"; };
/* End PBXFileReference section */

/* Begin PBXFrameworksBuildPhase section */
		E7A727701DAF9EF00000EB01 /* Frameworks */ = {
			isa = PBXFrameworksBuildPhase;
			buildActionMask = 2147483647;
			files = (
			);
			runOnlyForDeploymentPostprocessing = 0;
		};
/* End PBXFrameworksBuildPhase section */

/* Begin PBXGroup section */
		E7A727651DAF9E960000EB01 = {
			isa = PBXGroup;
			children = (
				E7A7276C1DAF9EC30000EB01 /* src */,
				E7A727751DAF9EF00000EB01 /* SimpleSideMenuDemo */,
				E7A727741DAF9EF00000EB01 /* Products */,
			);
			sourceTree = "<group>";
		};
		E7A7276C1DAF9EC30000EB01 /* src */ = {
			isa = PBXGroup;
			children = (
				E7A7276D1DAF9ED70000EB01 /* SideMenu.swift */,
				E7A7276E1DAF9ED70000EB01 /* UIViewController+SideMenu.swift */,
			);
			path = src;
			sourceTree = "<group>";
		};
		E7A727741DAF9EF00000EB01 /* Products */ = {
			isa = PBXGroup;
			children = (
				E7A727731DAF9EF00000EB01 /* SimpleSideMenuDemo.app */,
			);
			name = Products;
			sourceTree = "<group>";
		};
		E7A727751DAF9EF00000EB01 /* SimpleSideMenuDemo */ = {
			isa = PBXGroup;
			children = (
				E7A727861DAF9F1D0000EB01 /* SideMenu */,
				E7A727761DAF9EF00000EB01 /* AppDelegate.swift */,
				E7A727781DAF9EF00000EB01 /* ViewController.swift */,
				E7A7277A1DAF9EF00000EB01 /* Main.storyboard */,
				E7A7277D1DAF9EF00000EB01 /* Assets.xcassets */,
				E7A7277F1DAF9EF00000EB01 /* LaunchScreen.storyboard */,
				E7A727821DAF9EF00000EB01 /* Info.plist */,
			);
			path = SimpleSideMenuDemo;
			sourceTree = "<group>";
		};
		E7A727861DAF9F1D0000EB01 /* SideMenu */ = {
			isa = PBXGroup;
			children = (
				E7A727871DAF9F1D0000EB01 /* LeftTableViewController.swift */,
				E7A727881DAF9F1D0000EB01 /* RootViewController.swift */,
				E7A727891DAF9F1D0000EB01 /* SideMenu.storyboard */,
			);
			path = SideMenu;
			sourceTree = "<group>";
		};
/* End PBXGroup section */

/* Begin PBXNativeTarget section */
		E7A727721DAF9EF00000EB01 /* SimpleSideMenuDemo */ = {
			isa = PBXNativeTarget;
			buildConfigurationList = E7A727831DAF9EF00000EB01 /* Build configuration list for PBXNativeTarget "SimpleSideMenuDemo" */;
			buildPhases = (
				E7A7276F1DAF9EF00000EB01 /* Sources */,
				E7A727701DAF9EF00000EB01 /* Frameworks */,
				E7A727711DAF9EF00000EB01 /* Resources */,
			);
			buildRules = (
			);
			dependencies = (
			);
			name = SimpleSideMenuDemo;
			productName = SimpleSideMenuDemo;
			productReference = E7A727731DAF9EF00000EB01 /* SimpleSideMenuDemo.app */;
			productType = "com.apple.product-type.application";
		};
/* End PBXNativeTarget section */

/* Begin PBXProject section */
		E7A727661DAF9E960000EB01 /* Project object */ = {
			isa = PBXProject;
			attributes = {
				LastSwiftUpdateCheck = 0800;
				LastUpgradeCheck = 0800;
				TargetAttributes = {
					E7A727721DAF9EF00000EB01 = {
						CreatedOnToolsVersion = 8.0;
						DevelopmentTeam = SAR9V7VFQY;
						ProvisioningStyle = Automatic;
					};
				};
			};
			buildConfigurationList = E7A727691DAF9E960000EB01 /* Build configuration list for PBXProject "SimpleSideMenu" */;
			compatibilityVersion = "Xcode 3.2";
			developmentRegion = English;
			hasScannedForEncodings = 0;
			knownRegions = (
				en,
				Base,
			);
			mainGroup = E7A727651DAF9E960000EB01;
			productRefGroup = E7A727741DAF9EF00000EB01 /* Products */;
			projectDirPath = "";
			projectRoot = "";
			targets = (
				E7A727721DAF9EF00000EB01 /* SimpleSideMenuDemo */,
			);
		};
/* End PBXProject section */

/* Begin PBXResourcesBuildPhase section */
		E7A727711DAF9EF00000EB01 /* Resources */ = {
			isa = PBXResourcesBuildPhase;
			buildActionMask = 2147483647;
			files = (
				E7A7278C1DAF9F1D0000EB01 /* SideMenu.storyboard in Resources */,
				E7A727811DAF9EF00000EB01 /* LaunchScreen.storyboard in Resources */,
				E7A7277E1DAF9EF00000EB01 /* Assets.xcassets in Resources */,
				E7A7277C1DAF9EF00000EB01 /* Main.storyboard in Resources */,
			);
			runOnlyForDeploymentPostprocessing = 0;
		};
/* End PBXResourcesBuildPhase section */

/* Begin PBXSourcesBuildPhase section */
		E7A7276F1DAF9EF00000EB01 /* Sources */ = {
			isa = PBXSourcesBuildPhase;
			buildActionMask = 2147483647;
			files = (
				E7A7278E1DAF9F770000EB01 /* UIViewController+SideMenu.swift in Sources */,
				E7A727791DAF9EF00000EB01 /* ViewController.swift in Sources */,
				E7A7278A1DAF9F1D0000EB01 /* LeftTableViewController.swift in Sources */,
				E7A7278D1DAF9F740000EB01 /* SideMenu.swift in Sources */,
				E7A7278B1DAF9F1D0000EB01 /* RootViewController.swift in Sources */,
				E7A727771DAF9EF00000EB01 /* AppDelegate.swift in Sources */,
			);
			runOnlyForDeploymentPostprocessing = 0;
		};
/* End PBXSourcesBuildPhase section */

/* Begin PBXVariantGroup section */
		E7A7277A1DAF9EF00000EB01 /* Main.storyboard */ = {
			isa = PBXVariantGroup;
			children = (
				E7A7277B1DAF9EF00000EB01 /* Base */,
			);
			name = Main.storyboard;
			sourceTree = "<group>";
		};
		E7A7277F1DAF9EF00000EB01 /* LaunchScreen.storyboard */ = {
			isa = PBXVariantGroup;
			children = (
				E7A727801DAF9EF00000EB01 /* Base */,
			);
			name = LaunchScreen.storyboard;
			sourceTree = "<group>";
		};
/* End PBXVariantGroup section */

/* Begin XCBuildConfiguration section */
		E7A7276A1DAF9E960000EB01 /* Debug */ = {
			isa = XCBuildConfiguration;
			buildSettings = {
			};
			name = Debug;
		};
		E7A7276B1DAF9E960000EB01 /* Release */ = {
			isa = XCBuildConfiguration;
			buildSettings = {
			};
			name = Release;
		};
		E7A727841DAF9EF00000EB01 /* Debug */ = {
			isa = XCBuildConfiguration;
			buildSettings = {
				ALWAYS_SEARCH_USER_PATHS = NO;
				ASSETCATALOG_COMPILER_APPICON_NAME = AppIcon;
				CLANG_ANALYZER_NONNULL = YES;
				CLANG_CXX_LANGUAGE_STANDARD = "gnu++0x";
				CLANG_CXX_LIBRARY = "libc++";
				CLANG_ENABLE_MODULES = YES;
				CLANG_ENABLE_OBJC_ARC = YES;
				CLANG_WARN_BOOL_CONVERSION = YES;
				CLANG_WARN_CONSTANT_CONVERSION = YES;
				CLANG_WARN_DIRECT_OBJC_ISA_USAGE = YES_ERROR;
				CLANG_WARN_DOCUMENTATION_COMMENTS = YES;
				CLANG_WARN_EMPTY_BODY = YES;
				CLANG_WARN_ENUM_CONVERSION = YES;
				CLANG_WARN_INFINITE_RECURSION = YES;
				CLANG_WARN_INT_CONVERSION = YES;
				CLANG_WARN_OBJC_ROOT_CLASS = YES_ERROR;
				CLANG_WARN_SUSPICIOUS_MOVES = YES;
				CLANG_WARN_UNREACHABLE_CODE = YES;
				CLANG_WARN__DUPLICATE_METHOD_MATCH = YES;
				"CODE_SIGN_IDENTITY[sdk=iphoneos*]" = "iPhone Developer";
				COPY_PHASE_STRIP = NO;
				DEBUG_INFORMATION_FORMAT = dwarf;
				DEVELOPMENT_TEAM = SAR9V7VFQY;
				ENABLE_STRICT_OBJC_MSGSEND = YES;
				ENABLE_TESTABILITY = YES;
				GCC_C_LANGUAGE_STANDARD = gnu99;
				GCC_DYNAMIC_NO_PIC = NO;
				GCC_NO_COMMON_BLOCKS = YES;
				GCC_OPTIMIZATION_LEVEL = 0;
				GCC_PREPROCESSOR_DEFINITIONS = (
					"DEBUG=1",
					"$(inherited)",
				);
				GCC_WARN_64_TO_32_BIT_CONVERSION = YES;
				GCC_WARN_ABOUT_RETURN_TYPE = YES_ERROR;
				GCC_WARN_UNDECLARED_SELECTOR = YES;
				GCC_WARN_UNINITIALIZED_AUTOS = YES_AGGRESSIVE;
				GCC_WARN_UNUSED_FUNCTION = YES;
				GCC_WARN_UNUSED_VARIABLE = YES;
				INFOPLIST_FILE = SimpleSideMenuDemo/Info.plist;
				IPHONEOS_DEPLOYMENT_TARGET = 10.0;
				LD_RUNPATH_SEARCH_PATHS = "$(inherited) @executable_path/Frameworks";
				MTL_ENABLE_DEBUG_INFO = YES;
				ONLY_ACTIVE_ARCH = YES;
				PRODUCT_BUNDLE_IDENTIFIER = "com.miralem-cebic.SimpleSideMenuDemo";
				PRODUCT_NAME = "$(TARGET_NAME)";
				SDKROOT = iphoneos;
				SWIFT_ACTIVE_COMPILATION_CONDITIONS = DEBUG;
				SWIFT_OPTIMIZATION_LEVEL = "-Onone";
				SWIFT_VERSION = 3.0;
				TARGETED_DEVICE_FAMILY = "1,2";
			};
			name = Debug;
		};
		E7A727851DAF9EF00000EB01 /* Release */ = {
			isa = XCBuildConfiguration;
			buildSettings = {
				ALWAYS_SEARCH_USER_PATHS = NO;
				ASSETCATALOG_COMPILER_APPICON_NAME = AppIcon;
				CLANG_ANALYZER_NONNULL = YES;
				CLANG_CXX_LANGUAGE_STANDARD = "gnu++0x";
				CLANG_CXX_LIBRARY = "libc++";
				CLANG_ENABLE_MODULES = YES;
				CLANG_ENABLE_OBJC_ARC = YES;
				CLANG_WARN_BOOL_CONVERSION = YES;
				CLANG_WARN_CONSTANT_CONVERSION = YES;
				CLANG_WARN_DIRECT_OBJC_ISA_USAGE = YES_ERROR;
				CLANG_WARN_DOCUMENTATION_COMMENTS = YES;
				CLANG_WARN_EMPTY_BODY = YES;
				CLANG_WARN_ENUM_CONVERSION = YES;
				CLANG_WARN_INFINITE_RECURSION = YES;
				CLANG_WARN_INT_CONVERSION = YES;
				CLANG_WARN_OBJC_ROOT_CLASS = YES_ERROR;
				CLANG_WARN_SUSPICIOUS_MOVES = YES;
				CLANG_WARN_UNREACHABLE_CODE = YES;
				CLANG_WARN__DUPLICATE_METHOD_MATCH = YES;
				"CODE_SIGN_IDENTITY[sdk=iphoneos*]" = "iPhone Developer";
				COPY_PHASE_STRIP = NO;
				DEBUG_INFORMATION_FORMAT = "dwarf-with-dsym";
				DEVELOPMENT_TEAM = SAR9V7VFQY;
				ENABLE_NS_ASSERTIONS = NO;
				ENABLE_STRICT_OBJC_MSGSEND = YES;
				GCC_C_LANGUAGE_STANDARD = gnu99;
				GCC_NO_COMMON_BLOCKS = YES;
				GCC_WARN_64_TO_32_BIT_CONVERSION = YES;
				GCC_WARN_ABOUT_RETURN_TYPE = YES_ERROR;
				GCC_WARN_UNDECLARED_SELECTOR = YES;
				GCC_WARN_UNINITIALIZED_AUTOS = YES_AGGRESSIVE;
				GCC_WARN_UNUSED_FUNCTION = YES;
				GCC_WARN_UNUSED_VARIABLE = YES;
				INFOPLIST_FILE = SimpleSideMenuDemo/Info.plist;
				IPHONEOS_DEPLOYMENT_TARGET = 10.0;
				LD_RUNPATH_SEARCH_PATHS = "$(inherited) @executable_path/Frameworks";
				MTL_ENABLE_DEBUG_INFO = NO;
				PRODUCT_BUNDLE_IDENTIFIER = "com.miralem-cebic.SimpleSideMenuDemo";
				PRODUCT_NAME = "$(TARGET_NAME)";
				SDKROOT = iphoneos;
				SWIFT_OPTIMIZATION_LEVEL = "-Owholemodule";
				SWIFT_VERSION = 3.0;
				TARGETED_DEVICE_FAMILY = "1,2";
				VALIDATE_PRODUCT = YES;
			};
			name = Release;
		};
/* End XCBuildConfiguration section */

/* Begin XCConfigurationList section */
		E7A727691DAF9E960000EB01 /* Build configuration list for PBXProject "SimpleSideMenu" */ = {
			isa = XCConfigurationList;
			buildConfigurations = (
				E7A7276A1DAF9E960000EB01 /* Debug */,
				E7A7276B1DAF9E960000EB01 /* Release */,
			);
			defaultConfigurationIsVisible = 0;
			defaultConfigurationName = Release;
		};
		E7A727831DAF9EF00000EB01 /* Build configuration list for PBXNativeTarget "SimpleSideMenuDemo" */ = {
			isa = XCConfigurationList;
			buildConfigurations = (
				E7A727841DAF9EF00000EB01 /* Debug */,
				E7A727851DAF9EF00000EB01 /* Release */,
			);
			defaultConfigurationIsVisible = 0;
		};
/* End XCConfigurationList section */
	};
	rootObject = E7A727661DAF9E960000EB01 /* Project object */;
}
